// !$*UTF8*$!
{
	archiveVersion = 1;
	classes = {
	};
	objectVersion = 56;
	objects = {

/* Begin PBXBuildFile section */
		8E72E4CC2CAC3AE800FA5F69 /* ChatsModel.swift in Sources */ = {isa = PBXBuildFile; fileRef = 8E72E4CB2CAC3AE800FA5F69 /* ChatsModel.swift */; };
		8E8BA63B2CB17B1600EC14E2 /* NavigationBarVIew.swift in Sources */ = {isa = PBXBuildFile; fileRef = 8E8BA63A2CB17B1600EC14E2 /* NavigationBarVIew.swift */; };
		8E9C289D2CA59F3D006DB348 /* AICompanionApp.swift in Sources */ = {isa = PBXBuildFile; fileRef = 8E9C289C2CA59F3D006DB348 /* AICompanionApp.swift */; };
		8E9C289F2CA59F3D006DB348 /* ChatView.swift in Sources */ = {isa = PBXBuildFile; fileRef = 8E9C289E2CA59F3D006DB348 /* ChatView.swift */; };
		8E9C28A12CA59F3F006DB348 /* Assets.xcassets in Resources */ = {isa = PBXBuildFile; fileRef = 8E9C28A02CA59F3F006DB348 /* Assets.xcassets */; };
		8E9C28A42CA59F3F006DB348 /* Preview Assets.xcassets in Resources */ = {isa = PBXBuildFile; fileRef = 8E9C28A32CA59F3F006DB348 /* Preview Assets.xcassets */; };
		8E9C28AE2CA5A146006DB348 /* ChatViewModel.swift in Sources */ = {isa = PBXBuildFile; fileRef = 8E9C28AD2CA5A146006DB348 /* ChatViewModel.swift */; };
		8EA1BF912CA897F700B0A596 /* SpecifiedCornerRadius.swift in Sources */ = {isa = PBXBuildFile; fileRef = 8EA1BF902CA897F700B0A596 /* SpecifiedCornerRadius.swift */; };
		8EA1BF9F2CA89A6300B0A596 /* Fonts.swift in Sources */ = {isa = PBXBuildFile; fileRef = 8EA1BF932CA899C500B0A596 /* Fonts.swift */; };
		8EA1BFA32CA89C8A00B0A596 /* ChatListView.swift in Sources */ = {isa = PBXBuildFile; fileRef = 8EA1BFA22CA89C8A00B0A596 /* ChatListView.swift */; };
		8EA1BFA52CA89C9600B0A596 /* ChatListViewModel.swift in Sources */ = {isa = PBXBuildFile; fileRef = 8EA1BFA42CA89C9600B0A596 /* ChatListViewModel.swift */; };
		8EA1BFAA2CA8AA4D00B0A596 /* MuseoSansCyrl-100.ttf in Resources */ = {isa = PBXBuildFile; fileRef = 8EA1BFA62CA8AA4C00B0A596 /* MuseoSansCyrl-100.ttf */; };
		8EA1BFAB2CA8AA4D00B0A596 /* MuseoSansCyrl-500.ttf in Resources */ = {isa = PBXBuildFile; fileRef = 8EA1BFA72CA8AA4C00B0A596 /* MuseoSansCyrl-500.ttf */; };
		8EA1BFAC2CA8AA4D00B0A596 /* MuseoSansCyrl-700.ttf in Resources */ = {isa = PBXBuildFile; fileRef = 8EA1BFA82CA8AA4D00B0A596 /* MuseoSansCyrl-700.ttf */; };
		8EA1BFAD2CA8AA4D00B0A596 /* MuseoSansCyrl-300.ttf in Resources */ = {isa = PBXBuildFile; fileRef = 8EA1BFA92CA8AA4D00B0A596 /* MuseoSansCyrl-300.ttf */; };
		8ED64B042CA965240083B3A7 /* StorageRepository.swift in Sources */ = {isa = PBXBuildFile; fileRef = 8ED64B032CA965240083B3A7 /* StorageRepository.swift */; };
		8ED64B062CA973CC0083B3A7 /* ChatConfigModel.swift in Sources */ = {isa = PBXBuildFile; fileRef = 8ED64B052CA973CC0083B3A7 /* ChatConfigModel.swift */; };
		8ED8A0522CA7FF5D001D1CA7 /* Colors.xcassets in Resources */ = {isa = PBXBuildFile; fileRef = 8ED8A0512CA7FF5D001D1CA7 /* Colors.xcassets */; };
		8ED9E9482CB44B4C00CD0F7E /* ChatsStorageInteractor.swift in Sources */ = {isa = PBXBuildFile; fileRef = 8ED9E9472CB44B4C00CD0F7E /* ChatsStorageInteractor.swift */; };
		8EE1A68C2CA7656B00056A62 /* NetworkManager.swift in Sources */ = {isa = PBXBuildFile; fileRef = 8EE1A68B2CA7656B00056A62 /* NetworkManager.swift */; };
		8EE1A68E2CA7657200056A62 /* NetworkService.swift in Sources */ = {isa = PBXBuildFile; fileRef = 8EE1A68D2CA7657200056A62 /* NetworkService.swift */; };
		8EE1A6902CA7662400056A62 /* RequestModel.swift in Sources */ = {isa = PBXBuildFile; fileRef = 8EE1A68F2CA7662400056A62 /* RequestModel.swift */; };
		8EE1A6922CA7665E00056A62 /* CompanionType.swift in Sources */ = {isa = PBXBuildFile; fileRef = 8EE1A6912CA7665E00056A62 /* CompanionType.swift */; };
		8EE1A6942CA7708C00056A62 /* ResponseModel.swift in Sources */ = {isa = PBXBuildFile; fileRef = 8EE1A6932CA7708C00056A62 /* ResponseModel.swift */; };
		8EE1A6972CA7768400056A62 /* Constants.swift in Sources */ = {isa = PBXBuildFile; fileRef = 8EE1A6962CA7768400056A62 /* Constants.swift */; };
/* End PBXBuildFile section */

/* Begin PBXFileReference section */
		8E72E4CB2CAC3AE800FA5F69 /* ChatsModel.swift */ = {isa = PBXFileReference; lastKnownFileType = sourcecode.swift; path = ChatsModel.swift; sourceTree = "<group>"; };
		8E8BA63A2CB17B1600EC14E2 /* NavigationBarVIew.swift */ = {isa = PBXFileReference; lastKnownFileType = sourcecode.swift; path = NavigationBarVIew.swift; sourceTree = "<group>"; };
		8E9C28992CA59F3D006DB348 /* AICompanion.app */ = {isa = PBXFileReference; explicitFileType = wrapper.application; includeInIndex = 0; path = AICompanion.app; sourceTree = BUILT_PRODUCTS_DIR; };
		8E9C289C2CA59F3D006DB348 /* AICompanionApp.swift */ = {isa = PBXFileReference; lastKnownFileType = sourcecode.swift; path = AICompanionApp.swift; sourceTree = "<group>"; };
		8E9C289E2CA59F3D006DB348 /* ChatView.swift */ = {isa = PBXFileReference; lastKnownFileType = sourcecode.swift; path = ChatView.swift; sourceTree = "<group>"; };
		8E9C28A02CA59F3F006DB348 /* Assets.xcassets */ = {isa = PBXFileReference; lastKnownFileType = folder.assetcatalog; path = Assets.xcassets; sourceTree = "<group>"; };
		8E9C28A32CA59F3F006DB348 /* Preview Assets.xcassets */ = {isa = PBXFileReference; lastKnownFileType = folder.assetcatalog; path = "Preview Assets.xcassets"; sourceTree = "<group>"; };
		8E9C28AD2CA5A146006DB348 /* ChatViewModel.swift */ = {isa = PBXFileReference; lastKnownFileType = sourcecode.swift; path = ChatViewModel.swift; sourceTree = "<group>"; };
		8EA1BF902CA897F700B0A596 /* SpecifiedCornerRadius.swift */ = {isa = PBXFileReference; fileEncoding = 4; lastKnownFileType = sourcecode.swift; path = SpecifiedCornerRadius.swift; sourceTree = "<group>"; };
		8EA1BF932CA899C500B0A596 /* Fonts.swift */ = {isa = PBXFileReference; lastKnownFileType = sourcecode.swift; path = Fonts.swift; sourceTree = "<group>"; };
		8EA1BF9E2CA899F900B0A596 /* Info.plist */ = {isa = PBXFileReference; lastKnownFileType = text.plist; path = Info.plist; sourceTree = "<group>"; };
		8EA1BFA22CA89C8A00B0A596 /* ChatListView.swift */ = {isa = PBXFileReference; lastKnownFileType = sourcecode.swift; path = ChatListView.swift; sourceTree = "<group>"; };
		8EA1BFA42CA89C9600B0A596 /* ChatListViewModel.swift */ = {isa = PBXFileReference; lastKnownFileType = sourcecode.swift; path = ChatListViewModel.swift; sourceTree = "<group>"; };
		8EA1BFA62CA8AA4C00B0A596 /* MuseoSansCyrl-100.ttf */ = {isa = PBXFileReference; lastKnownFileType = file; path = "MuseoSansCyrl-100.ttf"; sourceTree = "<group>"; };
		8EA1BFA72CA8AA4C00B0A596 /* MuseoSansCyrl-500.ttf */ = {isa = PBXFileReference; lastKnownFileType = file; path = "MuseoSansCyrl-500.ttf"; sourceTree = "<group>"; };
		8EA1BFA82CA8AA4D00B0A596 /* MuseoSansCyrl-700.ttf */ = {isa = PBXFileReference; lastKnownFileType = file; path = "MuseoSansCyrl-700.ttf"; sourceTree = "<group>"; };
		8EA1BFA92CA8AA4D00B0A596 /* MuseoSansCyrl-300.ttf */ = {isa = PBXFileReference; lastKnownFileType = file; path = "MuseoSansCyrl-300.ttf"; sourceTree = "<group>"; };
		8ED64B032CA965240083B3A7 /* StorageRepository.swift */ = {isa = PBXFileReference; lastKnownFileType = sourcecode.swift; path = StorageRepository.swift; sourceTree = "<group>"; };
		8ED64B052CA973CC0083B3A7 /* ChatConfigModel.swift */ = {isa = PBXFileReference; lastKnownFileType = sourcecode.swift; path = ChatConfigModel.swift; sourceTree = "<group>"; };
		8ED8A0512CA7FF5D001D1CA7 /* Colors.xcassets */ = {isa = PBXFileReference; lastKnownFileType = folder.assetcatalog; path = Colors.xcassets; sourceTree = "<group>"; };
		8ED9E9472CB44B4C00CD0F7E /* ChatsStorageInteractor.swift */ = {isa = PBXFileReference; lastKnownFileType = sourcecode.swift; path = ChatsStorageInteractor.swift; sourceTree = "<group>"; };
		8EE1A68B2CA7656B00056A62 /* NetworkManager.swift */ = {isa = PBXFileReference; lastKnownFileType = sourcecode.swift; path = NetworkManager.swift; sourceTree = "<group>"; };
		8EE1A68D2CA7657200056A62 /* NetworkService.swift */ = {isa = PBXFileReference; lastKnownFileType = sourcecode.swift; path = NetworkService.swift; sourceTree = "<group>"; };
		8EE1A68F2CA7662400056A62 /* RequestModel.swift */ = {isa = PBXFileReference; lastKnownFileType = sourcecode.swift; path = RequestModel.swift; sourceTree = "<group>"; };
		8EE1A6912CA7665E00056A62 /* CompanionType.swift */ = {isa = PBXFileReference; lastKnownFileType = sourcecode.swift; path = CompanionType.swift; sourceTree = "<group>"; };
		8EE1A6932CA7708C00056A62 /* ResponseModel.swift */ = {isa = PBXFileReference; lastKnownFileType = sourcecode.swift; path = ResponseModel.swift; sourceTree = "<group>"; };
		8EE1A6962CA7768400056A62 /* Constants.swift */ = {isa = PBXFileReference; lastKnownFileType = sourcecode.swift; path = Constants.swift; sourceTree = "<group>"; };
/* End PBXFileReference section */

/* Begin PBXFrameworksBuildPhase section */
		8E9C28962CA59F3D006DB348 /* Frameworks */ = {
			isa = PBXFrameworksBuildPhase;
			buildActionMask = 2147483647;
			files = (
			);
			runOnlyForDeploymentPostprocessing = 0;
		};
/* End PBXFrameworksBuildPhase section */

/* Begin PBXGroup section */
		8E8BA6392CB17B0000EC14E2 /* ViewComponents */ = {
			isa = PBXGroup;
			children = (
				8E8BA63A2CB17B1600EC14E2 /* NavigationBarVIew.swift */,
			);
			path = ViewComponents;
			sourceTree = "<group>";
		};
		8E9C28902CA59F3D006DB348 = {
			isa = PBXGroup;
			children = (
				8E9C289B2CA59F3D006DB348 /* AICompanion */,
				8E9C289A2CA59F3D006DB348 /* Products */,
			);
			sourceTree = "<group>";
		};
		8E9C289A2CA59F3D006DB348 /* Products */ = {
			isa = PBXGroup;
			children = (
				8E9C28992CA59F3D006DB348 /* AICompanion.app */,
			);
			name = Products;
			sourceTree = "<group>";
		};
		8E9C289B2CA59F3D006DB348 /* AICompanion */ = {
			isa = PBXGroup;
			children = (
				8EA1BF9E2CA899F900B0A596 /* Info.plist */,
				8EA1BFAE2CA8ADC100B0A596 /* App */,
				8ED64AFC2CA959F80083B3A7 /* Repositoryes */,
				8ED9E9492CB46F4800CD0F7E /* Interactors */,
				8EE1A68A2CA7651000056A62 /* Networking */,
				8ED8A0532CA88C38001D1CA7 /* Screens */,
				8E8BA6392CB17B0000EC14E2 /* ViewComponents */,
				8ED8A0542CA89783001D1CA7 /* Extensions */,
				8EE1A6952CA7767C00056A62 /* Constants */,
				8EA1BF922CA899BB00B0A596 /* Theme */,
				8EA1BF942CA899CA00B0A596 /* Resources */,
				8E9C28A22CA59F3F006DB348 /* Preview Content */,
			);
			path = AICompanion;
			sourceTree = "<group>";
		};
		8E9C28A22CA59F3F006DB348 /* Preview Content */ = {
			isa = PBXGroup;
			children = (
				8E9C28A32CA59F3F006DB348 /* Preview Assets.xcassets */,
			);
			path = "Preview Content";
			sourceTree = "<group>";
		};
		8EA1BF922CA899BB00B0A596 /* Theme */ = {
			isa = PBXGroup;
			children = (
				8EA1BF932CA899C500B0A596 /* Fonts.swift */,
			);
			path = Theme;
			sourceTree = "<group>";
		};
		8EA1BF942CA899CA00B0A596 /* Resources */ = {
			isa = PBXGroup;
			children = (
				8EA1BF952CA899DB00B0A596 /* Fonts */,
				8E9C28A02CA59F3F006DB348 /* Assets.xcassets */,
				8ED8A0512CA7FF5D001D1CA7 /* Colors.xcassets */,
			);
			path = Resources;
			sourceTree = "<group>";
		};
		8EA1BF952CA899DB00B0A596 /* Fonts */ = {
			isa = PBXGroup;
			children = (
				8EA1BFA62CA8AA4C00B0A596 /* MuseoSansCyrl-100.ttf */,
				8EA1BFA92CA8AA4D00B0A596 /* MuseoSansCyrl-300.ttf */,
				8EA1BFA72CA8AA4C00B0A596 /* MuseoSansCyrl-500.ttf */,
				8EA1BFA82CA8AA4D00B0A596 /* MuseoSansCyrl-700.ttf */,
			);
			path = Fonts;
			sourceTree = "<group>";
		};
		8EA1BFA02CA89C6C00B0A596 /* Chat */ = {
			isa = PBXGroup;
			children = (
				8E9C289E2CA59F3D006DB348 /* ChatView.swift */,
				8E9C28AD2CA5A146006DB348 /* ChatViewModel.swift */,
				8ED64B052CA973CC0083B3A7 /* ChatConfigModel.swift */,
			);
			path = Chat;
			sourceTree = "<group>";
		};
		8EA1BFA12CA89C7B00B0A596 /* ChatList */ = {
			isa = PBXGroup;
			children = (
				8EA1BFA22CA89C8A00B0A596 /* ChatListView.swift */,
				8EA1BFA42CA89C9600B0A596 /* ChatListViewModel.swift */,
				8E72E4CB2CAC3AE800FA5F69 /* ChatsModel.swift */,
			);
			path = ChatList;
			sourceTree = "<group>";
		};
		8EA1BFAE2CA8ADC100B0A596 /* App */ = {
			isa = PBXGroup;
			children = (
				8E9C289C2CA59F3D006DB348 /* AICompanionApp.swift */,
			);
			path = App;
			sourceTree = "<group>";
		};
		8ED64AFC2CA959F80083B3A7 /* Repositoryes */ = {
			isa = PBXGroup;
			children = (
				8ED64B032CA965240083B3A7 /* StorageRepository.swift */,
			);
			path = Repositoryes;
			sourceTree = "<group>";
		};
		8ED8A0532CA88C38001D1CA7 /* Screens */ = {
			isa = PBXGroup;
			children = (
				8EA1BFA12CA89C7B00B0A596 /* ChatList */,
				8EA1BFA02CA89C6C00B0A596 /* Chat */,
			);
			path = Screens;
			sourceTree = "<group>";
		};
		8ED8A0542CA89783001D1CA7 /* Extensions */ = {
			isa = PBXGroup;
			children = (
				8EA1BF902CA897F700B0A596 /* SpecifiedCornerRadius.swift */,
			);
			path = Extensions;
			sourceTree = "<group>";
		};
		8ED9E9492CB46F4800CD0F7E /* Interactors */ = {
			isa = PBXGroup;
			children = (
				8ED9E9472CB44B4C00CD0F7E /* ChatsStorageInteractor.swift */,
			);
			path = Interactors;
			sourceTree = "<group>";
		};
		8EE1A68A2CA7651000056A62 /* Networking */ = {
			isa = PBXGroup;
			children = (
				8EE1A68B2CA7656B00056A62 /* NetworkManager.swift */,
				8EE1A68D2CA7657200056A62 /* NetworkService.swift */,
				8EE1A68F2CA7662400056A62 /* RequestModel.swift */,
				8EE1A6932CA7708C00056A62 /* ResponseModel.swift */,
				8EE1A6912CA7665E00056A62 /* CompanionType.swift */,
			);
			path = Networking;
			sourceTree = "<group>";
		};
		8EE1A6952CA7767C00056A62 /* Constants */ = {
			isa = PBXGroup;
			children = (
				8EE1A6962CA7768400056A62 /* Constants.swift */,
			);
			path = Constants;
			sourceTree = "<group>";
		};
/* End PBXGroup section */

/* Begin PBXNativeTarget section */
		8E9C28982CA59F3D006DB348 /* AICompanion */ = {
			isa = PBXNativeTarget;
			buildConfigurationList = 8E9C28A72CA59F3F006DB348 /* Build configuration list for PBXNativeTarget "AICompanion" */;
			buildPhases = (
				8E9C28952CA59F3D006DB348 /* Sources */,
				8E9C28962CA59F3D006DB348 /* Frameworks */,
				8E9C28972CA59F3D006DB348 /* Resources */,
			);
			buildRules = (
			);
			dependencies = (
			);
			name = AICompanion;
			packageProductDependencies = (
			);
			productName = AICompanion;
			productReference = 8E9C28992CA59F3D006DB348 /* AICompanion.app */;
			productType = "com.apple.product-type.application";
		};
/* End PBXNativeTarget section */

/* Begin PBXProject section */
		8E9C28912CA59F3D006DB348 /* Project object */ = {
			isa = PBXProject;
			attributes = {
				BuildIndependentTargetsInParallel = 1;
				LastSwiftUpdateCheck = 1520;
				LastUpgradeCheck = 1520;
				TargetAttributes = {
					8E9C28982CA59F3D006DB348 = {
						CreatedOnToolsVersion = 15.2;
					};
				};
			};
			buildConfigurationList = 8E9C28942CA59F3D006DB348 /* Build configuration list for PBXProject "AICompanion" */;
			compatibilityVersion = "Xcode 14.0";
			developmentRegion = en;
			hasScannedForEncodings = 0;
			knownRegions = (
				en,
				Base,
			);
			mainGroup = 8E9C28902CA59F3D006DB348;
			packageReferences = (
			);
			productRefGroup = 8E9C289A2CA59F3D006DB348 /* Products */;
			projectDirPath = "";
			projectRoot = "";
			targets = (
				8E9C28982CA59F3D006DB348 /* AICompanion */,
			);
		};
/* End PBXProject section */

/* Begin PBXResourcesBuildPhase section */
		8E9C28972CA59F3D006DB348 /* Resources */ = {
			isa = PBXResourcesBuildPhase;
			buildActionMask = 2147483647;
			files = (
				8EA1BFAD2CA8AA4D00B0A596 /* MuseoSansCyrl-300.ttf in Resources */,
				8ED8A0522CA7FF5D001D1CA7 /* Colors.xcassets in Resources */,
				8EA1BFAC2CA8AA4D00B0A596 /* MuseoSansCyrl-700.ttf in Resources */,
				8E9C28A42CA59F3F006DB348 /* Preview Assets.xcassets in Resources */,
				8EA1BFAB2CA8AA4D00B0A596 /* MuseoSansCyrl-500.ttf in Resources */,
				8E9C28A12CA59F3F006DB348 /* Assets.xcassets in Resources */,
				8EA1BFAA2CA8AA4D00B0A596 /* MuseoSansCyrl-100.ttf in Resources */,
			);
			runOnlyForDeploymentPostprocessing = 0;
		};
/* End PBXResourcesBuildPhase section */

/* Begin PBXSourcesBuildPhase section */
		8E9C28952CA59F3D006DB348 /* Sources */ = {
			isa = PBXSourcesBuildPhase;
			buildActionMask = 2147483647;
			files = (
				8EE1A6922CA7665E00056A62 /* CompanionType.swift in Sources */,
				8EA1BFA32CA89C8A00B0A596 /* ChatListView.swift in Sources */,
				8EE1A68E2CA7657200056A62 /* NetworkService.swift in Sources */,
				8EE1A68C2CA7656B00056A62 /* NetworkManager.swift in Sources */,
				8E9C289F2CA59F3D006DB348 /* ChatView.swift in Sources */,
				8EA1BFA52CA89C9600B0A596 /* ChatListViewModel.swift in Sources */,
				8E9C289D2CA59F3D006DB348 /* AICompanionApp.swift in Sources */,
				8ED9E9482CB44B4C00CD0F7E /* ChatsStorageInteractor.swift in Sources */,
				8ED64B062CA973CC0083B3A7 /* ChatConfigModel.swift in Sources */,
				8E9C28AE2CA5A146006DB348 /* ChatViewModel.swift in Sources */,
				8EE1A6942CA7708C00056A62 /* ResponseModel.swift in Sources */,
				8EA1BF912CA897F700B0A596 /* SpecifiedCornerRadius.swift in Sources */,
				8EA1BF9F2CA89A6300B0A596 /* Fonts.swift in Sources */,
				8E8BA63B2CB17B1600EC14E2 /* NavigationBarVIew.swift in Sources */,
				8EE1A6902CA7662400056A62 /* RequestModel.swift in Sources */,
				8ED64B042CA965240083B3A7 /* StorageRepository.swift in Sources */,
				8EE1A6972CA7768400056A62 /* Constants.swift in Sources */,
				8E72E4CC2CAC3AE800FA5F69 /* ChatsModel.swift in Sources */,
			);
			runOnlyForDeploymentPostprocessing = 0;
		};
/* End PBXSourcesBuildPhase section */

/* Begin XCBuildConfiguration section */
		8E9C28A52CA59F3F006DB348 /* Debug */ = {
			isa = XCBuildConfiguration;
			buildSettings = {
				ALWAYS_SEARCH_USER_PATHS = NO;
				ASSETCATALOG_COMPILER_GENERATE_SWIFT_ASSET_SYMBOL_EXTENSIONS = YES;
				CLANG_ANALYZER_NONNULL = YES;
				CLANG_ANALYZER_NUMBER_OBJECT_CONVERSION = YES_AGGRESSIVE;
				CLANG_CXX_LANGUAGE_STANDARD = "gnu++20";
				CLANG_ENABLE_MODULES = YES;
				CLANG_ENABLE_OBJC_ARC = YES;
				CLANG_ENABLE_OBJC_WEAK = YES;
				CLANG_WARN_BLOCK_CAPTURE_AUTORELEASING = YES;
				CLANG_WARN_BOOL_CONVERSION = YES;
				CLANG_WARN_COMMA = YES;
				CLANG_WARN_CONSTANT_CONVERSION = YES;
				CLANG_WARN_DEPRECATED_OBJC_IMPLEMENTATIONS = YES;
				CLANG_WARN_DIRECT_OBJC_ISA_USAGE = YES_ERROR;
				CLANG_WARN_DOCUMENTATION_COMMENTS = YES;
				CLANG_WARN_EMPTY_BODY = YES;
				CLANG_WARN_ENUM_CONVERSION = YES;
				CLANG_WARN_INFINITE_RECURSION = YES;
				CLANG_WARN_INT_CONVERSION = YES;
				CLANG_WARN_NON_LITERAL_NULL_CONVERSION = YES;
				CLANG_WARN_OBJC_IMPLICIT_RETAIN_SELF = YES;
				CLANG_WARN_OBJC_LITERAL_CONVERSION = YES;
				CLANG_WARN_OBJC_ROOT_CLASS = YES_ERROR;
				CLANG_WARN_QUOTED_INCLUDE_IN_FRAMEWORK_HEADER = YES;
				CLANG_WARN_RANGE_LOOP_ANALYSIS = YES;
				CLANG_WARN_STRICT_PROTOTYPES = YES;
				CLANG_WARN_SUSPICIOUS_MOVE = YES;
				CLANG_WARN_UNGUARDED_AVAILABILITY = YES_AGGRESSIVE;
				CLANG_WARN_UNREACHABLE_CODE = YES;
				CLANG_WARN__DUPLICATE_METHOD_MATCH = YES;
				COPY_PHASE_STRIP = NO;
				DEBUG_INFORMATION_FORMAT = dwarf;
				ENABLE_STRICT_OBJC_MSGSEND = YES;
				ENABLE_TESTABILITY = YES;
				ENABLE_USER_SCRIPT_SANDBOXING = YES;
				GCC_C_LANGUAGE_STANDARD = gnu17;
				GCC_DYNAMIC_NO_PIC = NO;
				GCC_NO_COMMON_BLOCKS = YES;
				GCC_OPTIMIZATION_LEVEL = 0;
				GCC_PREPROCESSOR_DEFINITIONS = (
					"DEBUG=1",
					"$(inherited)",
				);
				GCC_WARN_64_TO_32_BIT_CONVERSION = YES;
				GCC_WARN_ABOUT_RETURN_TYPE = YES_ERROR;
				GCC_WARN_UNDECLARED_SELECTOR = YES;
				GCC_WARN_UNINITIALIZED_AUTOS = YES_AGGRESSIVE;
				GCC_WARN_UNUSED_FUNCTION = YES;
				GCC_WARN_UNUSED_VARIABLE = YES;
				IPHONEOS_DEPLOYMENT_TARGET = 17.2;
				LOCALIZATION_PREFERS_STRING_CATALOGS = YES;
				MTL_ENABLE_DEBUG_INFO = INCLUDE_SOURCE;
				MTL_FAST_MATH = YES;
				ONLY_ACTIVE_ARCH = YES;
				SDKROOT = iphoneos;
				SWIFT_ACTIVE_COMPILATION_CONDITIONS = "DEBUG $(inherited)";
				SWIFT_OPTIMIZATION_LEVEL = "-Onone";
			};
			name = Debug;
		};
		8E9C28A62CA59F3F006DB348 /* Release */ = {
			isa = XCBuildConfiguration;
			buildSettings = {
				ALWAYS_SEARCH_USER_PATHS = NO;
				ASSETCATALOG_COMPILER_GENERATE_SWIFT_ASSET_SYMBOL_EXTENSIONS = YES;
				CLANG_ANALYZER_NONNULL = YES;
				CLANG_ANALYZER_NUMBER_OBJECT_CONVERSION = YES_AGGRESSIVE;
				CLANG_CXX_LANGUAGE_STANDARD = "gnu++20";
				CLANG_ENABLE_MODULES = YES;
				CLANG_ENABLE_OBJC_ARC = YES;
				CLANG_ENABLE_OBJC_WEAK = YES;
				CLANG_WARN_BLOCK_CAPTURE_AUTORELEASING = YES;
				CLANG_WARN_BOOL_CONVERSION = YES;
				CLANG_WARN_COMMA = YES;
				CLANG_WARN_CONSTANT_CONVERSION = YES;
				CLANG_WARN_DEPRECATED_OBJC_IMPLEMENTATIONS = YES;
				CLANG_WARN_DIRECT_OBJC_ISA_USAGE = YES_ERROR;
				CLANG_WARN_DOCUMENTATION_COMMENTS = YES;
				CLANG_WARN_EMPTY_BODY = YES;
				CLANG_WARN_ENUM_CONVERSION = YES;
				CLANG_WARN_INFINITE_RECURSION = YES;
				CLANG_WARN_INT_CONVERSION = YES;
				CLANG_WARN_NON_LITERAL_NULL_CONVERSION = YES;
				CLANG_WARN_OBJC_IMPLICIT_RETAIN_SELF = YES;
				CLANG_WARN_OBJC_LITERAL_CONVERSION = YES;
				CLANG_WARN_OBJC_ROOT_CLASS = YES_ERROR;
				CLANG_WARN_QUOTED_INCLUDE_IN_FRAMEWORK_HEADER = YES;
				CLANG_WARN_RANGE_LOOP_ANALYSIS = YES;
				CLANG_WARN_STRICT_PROTOTYPES = YES;
				CLANG_WARN_SUSPICIOUS_MOVE = YES;
				CLANG_WARN_UNGUARDED_AVAILABILITY = YES_AGGRESSIVE;
				CLANG_WARN_UNREACHABLE_CODE = YES;
				CLANG_WARN__DUPLICATE_METHOD_MATCH = YES;
				COPY_PHASE_STRIP = NO;
				DEBUG_INFORMATION_FORMAT = "dwarf-with-dsym";
				ENABLE_NS_ASSERTIONS = NO;
				ENABLE_STRICT_OBJC_MSGSEND = YES;
				ENABLE_USER_SCRIPT_SANDBOXING = YES;
				GCC_C_LANGUAGE_STANDARD = gnu17;
				GCC_NO_COMMON_BLOCKS = YES;
				GCC_WARN_64_TO_32_BIT_CONVERSION = YES;
				GCC_WARN_ABOUT_RETURN_TYPE = YES_ERROR;
				GCC_WARN_UNDECLARED_SELECTOR = YES;
				GCC_WARN_UNINITIALIZED_AUTOS = YES_AGGRESSIVE;
				GCC_WARN_UNUSED_FUNCTION = YES;
				GCC_WARN_UNUSED_VARIABLE = YES;
				IPHONEOS_DEPLOYMENT_TARGET = 17.2;
				LOCALIZATION_PREFERS_STRING_CATALOGS = YES;
				MTL_ENABLE_DEBUG_INFO = NO;
				MTL_FAST_MATH = YES;
				SDKROOT = iphoneos;
				SWIFT_COMPILATION_MODE = wholemodule;
				VALIDATE_PRODUCT = YES;
			};
			name = Release;
		};
		8E9C28A82CA59F3F006DB348 /* Debug */ = {
			isa = XCBuildConfiguration;
			buildSettings = {
				ASSETCATALOG_COMPILER_APPICON_NAME = AppIcon;
				ASSETCATALOG_COMPILER_GLOBAL_ACCENT_COLOR_NAME = AccentColor;
				CODE_SIGN_IDENTITY = "Apple Development";
				CODE_SIGN_STYLE = Automatic;
				CURRENT_PROJECT_VERSION = 1;
				DEVELOPMENT_ASSET_PATHS = "\"AICompanion/Preview Content\"";
				DEVELOPMENT_TEAM = 3M3S5JFYGM;
				ENABLE_PREVIEWS = YES;
				GENERATE_INFOPLIST_FILE = YES;
				INFOPLIST_FILE = AICompanion/Info.plist;
				INFOPLIST_KEY_UIApplicationSceneManifest_Generation = YES;
				INFOPLIST_KEY_UIApplicationSupportsIndirectInputEvents = YES;
				INFOPLIST_KEY_UILaunchScreen_Generation = YES;
				INFOPLIST_KEY_UISupportedInterfaceOrientations = UIInterfaceOrientationPortrait;
				INFOPLIST_KEY_UISupportedInterfaceOrientations_iPad = "UIInterfaceOrientationLandscapeLeft UIInterfaceOrientationLandscapeRight UIInterfaceOrientationPortrait UIInterfaceOrientationPortraitUpsideDown";
				LD_RUNPATH_SEARCH_PATHS = (
					"$(inherited)",
					"@executable_path/Frameworks",
				);
				MARKETING_VERSION = 1.0;
				PRODUCT_BUNDLE_IDENTIFIER = arthurKulik.AICompanion1;
				PRODUCT_NAME = "$(TARGET_NAME)";
				PROVISIONING_PROFILE_SPECIFIER = "";
				SWIFT_EMIT_LOC_STRINGS = YES;
				SWIFT_VERSION = 5.0;
				TARGETED_DEVICE_FAMILY = "1,2";
			};
			name = Debug;
		};
		8E9C28A92CA59F3F006DB348 /* Release */ = {
			isa = XCBuildConfiguration;
			buildSettings = {
				ASSETCATALOG_COMPILER_APPICON_NAME = AppIcon;
				ASSETCATALOG_COMPILER_GLOBAL_ACCENT_COLOR_NAME = AccentColor;
				CODE_SIGN_IDENTITY = "Apple Development";
				CODE_SIGN_STYLE = Automatic;
				CURRENT_PROJECT_VERSION = 1;
				DEVELOPMENT_ASSET_PATHS = "\"AICompanion/Preview Content\"";
				DEVELOPMENT_TEAM = 3M3S5JFYGM;
				ENABLE_PREVIEWS = YES;
				GENERATE_INFOPLIST_FILE = YES;
				INFOPLIST_FILE = AICompanion/Info.plist;
				INFOPLIST_KEY_UIApplicationSceneManifest_Generation = YES;
				INFOPLIST_KEY_UIApplicationSupportsIndirectInputEvents = YES;
				INFOPLIST_KEY_UILaunchScreen_Generation = YES;
				INFOPLIST_KEY_UISupportedInterfaceOrientations = UIInterfaceOrientationPortrait;
				INFOPLIST_KEY_UISupportedInterfaceOrientations_iPad = "UIInterfaceOrientationLandscapeLeft UIInterfaceOrientationLandscapeRight UIInterfaceOrientationPortrait UIInterfaceOrientationPortraitUpsideDown";
				LD_RUNPATH_SEARCH_PATHS = (
					"$(inherited)",
					"@executable_path/Frameworks",
				);
				MARKETING_VERSION = 1.0;
				PRODUCT_BUNDLE_IDENTIFIER = arthurKulik.AICompanion1;
				PRODUCT_NAME = "$(TARGET_NAME)";
				PROVISIONING_PROFILE_SPECIFIER = "";
				SWIFT_EMIT_LOC_STRINGS = YES;
				SWIFT_VERSION = 5.0;
				TARGETED_DEVICE_FAMILY = "1,2";
			};
			name = Release;
		};
/* End XCBuildConfiguration section */

/* Begin XCConfigurationList section */
		8E9C28942CA59F3D006DB348 /* Build configuration list for PBXProject "AICompanion" */ = {
			isa = XCConfigurationList;
			buildConfigurations = (
				8E9C28A52CA59F3F006DB348 /* Debug */,
				8E9C28A62CA59F3F006DB348 /* Release */,
			);
			defaultConfigurationIsVisible = 0;
			defaultConfigurationName = Release;
		};
		8E9C28A72CA59F3F006DB348 /* Build configuration list for PBXNativeTarget "AICompanion" */ = {
			isa = XCConfigurationList;
			buildConfigurations = (
				8E9C28A82CA59F3F006DB348 /* Debug */,
				8E9C28A92CA59F3F006DB348 /* Release */,
			);
			defaultConfigurationIsVisible = 0;
			defaultConfigurationName = Release;
		};
/* End XCConfigurationList section */
	};
	rootObject = 8E9C28912CA59F3D006DB348 /* Project object */;
}
